
Microsoft Visual Studio Solution File, Format Version 12.00
# Visual Studio Version 16
VisualStudioVersion = 16.0.33920.266
MinimumVisualStudioVersion = 10.0.40219.1
Project("{8BC9CEB8-8B4A-11D0-8D11-00A0C91BC942}") = "13_2 Cola", "13_2 Cola\13_2 Cola.vcxproj", "{EC40F1D9-359C-402A-8F33-3341BE74D48D}"
EndProject
Global
	GlobalSection(SolutionConfigurationPlatforms) = preSolution
		Debug|x64 = Debug|x64
		Debug|x86 = Debug|x86
		Release|x64 = Release|x64
		Release|x86 = Release|x86
	EndGlobalSection
	GlobalSection(ProjectConfigurationPlatforms) = postSolution
		{EC40F1D9-359C-402A-8F33-3341BE74D48D}.Debug|x64.ActiveCfg = Debug|x64
		{EC40F1D9-359C-402A-8F33-3341BE74D48D}.Debug|x64.Build.0 = Debug|x64
		{EC40F1D9-359C-402A-8F33-3341BE74D48D}.Debug|x86.ActiveCfg = Debug|Win32
		{EC40F1D9-359C-402A-8F33-3341BE74D48D}.Debug|x86.Build.0 = Debug|Win32
		{EC40F1D9-359C-402A-8F33-3341BE74D48D}.Release|x64.ActiveCfg = Release|x64
		{EC40F1D9-359C-402A-8F33-3341BE74D48D}.Release|x64.Build.0 = Release|x64
		{EC40F1D9-359C-402A-8F33-3341BE74D48D}.Release|x86.ActiveCfg = Release|Win32
		{EC40F1D9-359C-402A-8F33-3341BE74D48D}.Release|x86.Build.0 = Release|Win32
	EndGlobalSection
	GlobalSection(SolutionProperties) = preSolution
		HideSolutionNode = FALSE
	EndGlobalSection
	GlobalSection(ExtensibilityGlobals) = postSolution
		SolutionGuid = {CD7A3E33-904E-4968-9F8A-958F60603FC8}
	EndGlobalSection
EndGlobal
